
Microsoft Visual Studio Solution File, Format Version 12.00
# Visual Studio Version 16
VisualStudioVersion = 16.0.32106.194
MinimumVisualStudioVersion = 10.0.40219.1
Project("{FAE04EC0-301F-11D3-BF4B-00C04F79EFBC}") = "Hellowrld", "Hellowrld\Hellowrld.csproj", "{43413033-5E1E-417B-89EA-0FA09FFDFC6E}"
EndProject
Global
	GlobalSection(SolutionConfigurationPlatforms) = preSolution
		Debug|Any CPU = Debug|Any CPU
		Release|Any CPU = Release|Any CPU
	EndGlobalSection
	GlobalSection(ProjectConfigurationPlatforms) = postSolution
		{43413033-5E1E-417B-89EA-0FA09FFDFC6E}.Debug|Any CPU.ActiveCfg = Debug|Any CPU
		{43413033-5E1E-417B-89EA-0FA09FFDFC6E}.Debug|Any CPU.Build.0 = Debug|Any CPU
		{43413033-5E1E-417B-89EA-0FA09FFDFC6E}.Release|Any CPU.ActiveCfg = Release|Any CPU
		{43413033-5E1E-417B-89EA-0FA09FFDFC6E}.Release|Any CPU.Build.0 = Release|Any CPU
	EndGlobalSection
	GlobalSection(SolutionProperties) = preSolution
		HideSolutionNode = FALSE
	EndGlobalSection
	GlobalSection(ExtensibilityGlobals) = postSolution
		SolutionGuid = {3044AA58-26B4-47DD-880D-0D5F3ED5A6FE}
	EndGlobalSection
EndGlobal
